
Microsoft Visual Studio Solution File, Format Version 12.00
Project("{FAE04EC0-301F-11D3-BF4B-00C04F79EFBC}") = "Aflevering 5", "Aflevering 5\Aflevering 5.csproj", "{321FB6EE-4AFC-4E76-8A41-EC67AA7AC8CE}"
EndProject
Global
	GlobalSection(SolutionConfigurationPlatforms) = preSolution
		Debug|Any CPU = Debug|Any CPU
		Release|Any CPU = Release|Any CPU
	EndGlobalSection
	GlobalSection(ProjectConfigurationPlatforms) = postSolution
		{321FB6EE-4AFC-4E76-8A41-EC67AA7AC8CE}.Debug|Any CPU.ActiveCfg = Debug|Any CPU
		{321FB6EE-4AFC-4E76-8A41-EC67AA7AC8CE}.Debug|Any CPU.Build.0 = Debug|Any CPU
		{321FB6EE-4AFC-4E76-8A41-EC67AA7AC8CE}.Release|Any CPU.ActiveCfg = Release|Any CPU
		{321FB6EE-4AFC-4E76-8A41-EC67AA7AC8CE}.Release|Any CPU.Build.0 = Release|Any CPU
	EndGlobalSection
EndGlobal
